// !$*UTF8*$!
{
	archiveVersion = 1;
	classes = {
	};
	objectVersion = 46;
	objects = {

/* Begin PBXBuildFile section */
		8C02F3551C3C9C8C00B7758E /* main.m in Sources */ = {isa = PBXBuildFile; fileRef = 8C02F3541C3C9C8C00B7758E /* main.m */; };
		8C02F3581C3C9C8C00B7758E /* AppDelegate.m in Sources */ = {isa = PBXBuildFile; fileRef = 8C02F3571C3C9C8C00B7758E /* AppDelegate.m */; };
		8C02F35B1C3C9C8C00B7758E /* ViewController.m in Sources */ = {isa = PBXBuildFile; fileRef = 8C02F35A1C3C9C8C00B7758E /* ViewController.m */; };
		8C02F35E1C3C9C8C00B7758E /* Main.storyboard in Resources */ = {isa = PBXBuildFile; fileRef = 8C02F35C1C3C9C8C00B7758E /* Main.storyboard */; };
		8C02F3601C3C9C8C00B7758E /* Assets.xcassets in Resources */ = {isa = PBXBuildFile; fileRef = 8C02F35F1C3C9C8C00B7758E /* Assets.xcassets */; };
		8C02F3631C3C9C8C00B7758E /* LaunchScreen.storyboard in Resources */ = {isa = PBXBuildFile; fileRef = 8C02F3611C3C9C8C00B7758E /* LaunchScreen.storyboard */; };
		8C02F36E1C3C9C8C00B7758E /* HTTPRequestTests.m in Sources */ = {isa = PBXBuildFile; fileRef = 8C02F36D1C3C9C8C00B7758E /* HTTPRequestTests.m */; };
		8C02F3791C3C9C8C00B7758E /* HTTPRequestUITests.m in Sources */ = {isa = PBXBuildFile; fileRef = 8C02F3781C3C9C8C00B7758E /* HTTPRequestUITests.m */; };
		8C02F39A1C3C9D9200B7758E /* AFHTTPRequestOperation.m in Sources */ = {isa = PBXBuildFile; fileRef = 8C02F3881C3C9D9200B7758E /* AFHTTPRequestOperation.m */; };
		8C02F39B1C3C9D9200B7758E /* AFHTTPRequestOperationManager.m in Sources */ = {isa = PBXBuildFile; fileRef = 8C02F38A1C3C9D9200B7758E /* AFHTTPRequestOperationManager.m */; };
		8C02F39C1C3C9D9200B7758E /* AFHTTPSessionManager.m in Sources */ = {isa = PBXBuildFile; fileRef = 8C02F38C1C3C9D9200B7758E /* AFHTTPSessionManager.m */; };
		8C02F39D1C3C9D9200B7758E /* AFNetworkReachabilityManager.m in Sources */ = {isa = PBXBuildFile; fileRef = 8C02F38F1C3C9D9200B7758E /* AFNetworkReachabilityManager.m */; };
		8C02F39E1C3C9D9200B7758E /* AFSecurityPolicy.m in Sources */ = {isa = PBXBuildFile; fileRef = 8C02F3911C3C9D9200B7758E /* AFSecurityPolicy.m */; };
		8C02F39F1C3C9D9200B7758E /* AFURLConnectionOperation.m in Sources */ = {isa = PBXBuildFile; fileRef = 8C02F3931C3C9D9200B7758E /* AFURLConnectionOperation.m */; };
		8C02F3A01C3C9D9200B7758E /* AFURLRequestSerialization.m in Sources */ = {isa = PBXBuildFile; fileRef = 8C02F3951C3C9D9200B7758E /* AFURLRequestSerialization.m */; };
		8C02F3A11C3C9D9200B7758E /* AFURLResponseSerialization.m in Sources */ = {isa = PBXBuildFile; fileRef = 8C02F3971C3C9D9200B7758E /* AFURLResponseSerialization.m */; };
		8C02F3A21C3C9D9200B7758E /* AFURLSessionManager.m in Sources */ = {isa = PBXBuildFile; fileRef = 8C02F3991C3C9D9200B7758E /* AFURLSessionManager.m */; };
		8C02F3A51C3C9DBC00B7758E /* HttpUtil.m in Sources */ = {isa = PBXBuildFile; fileRef = 8C02F3A41C3C9DBC00B7758E /* HttpUtil.m */; };
		8C02F3A81C3CDA0400B7758E /* CustomModel.m in Sources */ = {isa = PBXBuildFile; fileRef = 8C02F3A71C3CDA0400B7758E /* CustomModel.m */; };
		8C02F3AA1C3CEB9800B7758E /* libc++.tbd in Frameworks */ = {isa = PBXBuildFile; fileRef = 8C02F3A91C3CEB9800B7758E /* libc++.tbd */; };
		8C02F3AC1C3CEBAF00B7758E /* libz.tbd in Frameworks */ = {isa = PBXBuildFile; fileRef = 8C02F3AB1C3CEBAF00B7758E /* libz.tbd */; };
		8C02F3B01C3CEBCB00B7758E /* libstdc++.6.0.9.tbd in Frameworks */ = {isa = PBXBuildFile; fileRef = 8C02F3AF1C3CEBCB00B7758E /* libstdc++.6.0.9.tbd */; };
		8C02F3B21C3CEBDE00B7758E /* Security.framework in Frameworks */ = {isa = PBXBuildFile; fileRef = 8C02F3B11C3CEBDE00B7758E /* Security.framework */; };
		8C02F3B41C3CEBE700B7758E /* SystemConfiguration.framework in Frameworks */ = {isa = PBXBuildFile; fileRef = 8C02F3B31C3CEBE700B7758E /* SystemConfiguration.framework */; };
		8C02F3B61C3CEBF000B7758E /* CoreTelephony.framework in Frameworks */ = {isa = PBXBuildFile; fileRef = 8C02F3B51C3CEBF000B7758E /* CoreTelephony.framework */; };
		8C02F3B81C3CEC0500B7758E /* CoreLocation.framework in Frameworks */ = {isa = PBXBuildFile; fileRef = 8C02F3B71C3CEC0500B7758E /* CoreLocation.framework */; };
		8C02F3BA1C3CEC0E00B7758E /* OpenGLES.framework in Frameworks */ = {isa = PBXBuildFile; fileRef = 8C02F3B91C3CEC0E00B7758E /* OpenGLES.framework */; };
		8C02F3BC1C3CEC1600B7758E /* QuartzCore.framework in Frameworks */ = {isa = PBXBuildFile; fileRef = 8C02F3BB1C3CEC1500B7758E /* QuartzCore.framework */; };
		8C02F3BF1C3CEC8400B7758E /* MapViewController.m in Sources */ = {isa = PBXBuildFile; fileRef = 8C02F3BE1C3CEC8400B7758E /* MapViewController.m */; };
		8C8094B01C3D12CE0035B2BE /* SelectCompanyTableViewController.m in Sources */ = {isa = PBXBuildFile; fileRef = 8C8094AF1C3D12CE0035B2BE /* SelectCompanyTableViewController.m */; };
		AE6B8705D3857E5C3D5F3650 /* libPods.a in Frameworks */ = {isa = PBXBuildFile; fileRef = 03F27676563B19BCD3DDAD58 /* libPods.a */; };
/* End PBXBuildFile section */

/* Begin PBXContainerItemProxy section */
		8C02F36A1C3C9C8C00B7758E /* PBXContainerItemProxy */ = {
			isa = PBXContainerItemProxy;
			containerPortal = 8C02F3481C3C9C8C00B7758E /* Project object */;
			proxyType = 1;
			remoteGlobalIDString = 8C02F34F1C3C9C8C00B7758E;
			remoteInfo = HTTPRequest;
		};
		8C02F3751C3C9C8C00B7758E /* PBXContainerItemProxy */ = {
			isa = PBXContainerItemProxy;
			containerPortal = 8C02F3481C3C9C8C00B7758E /* Project object */;
			proxyType = 1;
			remoteGlobalIDString = 8C02F34F1C3C9C8C00B7758E;
			remoteInfo = HTTPRequest;
		};
/* End PBXContainerItemProxy section */

/* Begin PBXFileReference section */
		03F27676563B19BCD3DDAD58 /* libPods.a */ = {isa = PBXFileReference; explicitFileType = archive.ar; includeInIndex = 0; path = libPods.a; sourceTree = BUILT_PRODUCTS_DIR; };
		29CB72F1456D3633FE4CF39F /* Pods.debug.xcconfig */ = {isa = PBXFileReference; includeInIndex = 1; lastKnownFileType = text.xcconfig; name = Pods.debug.xcconfig; path = "Pods/Target Support Files/Pods/Pods.debug.xcconfig"; sourceTree = "<group>"; };
		4AC5BD5A977CA4BF493111C1 /* Pods.release.xcconfig */ = {isa = PBXFileReference; includeInIndex = 1; lastKnownFileType = text.xcconfig; name = Pods.release.xcconfig; path = "Pods/Target Support Files/Pods/Pods.release.xcconfig"; sourceTree = "<group>"; };
		8C02F3501C3C9C8C00B7758E /* HTTPRequest.app */ = {isa = PBXFileReference; explicitFileType = wrapper.application; includeInIndex = 0; path = HTTPRequest.app; sourceTree = BUILT_PRODUCTS_DIR; };
		8C02F3541C3C9C8C00B7758E /* main.m */ = {isa = PBXFileReference; lastKnownFileType = sourcecode.c.objc; path = main.m; sourceTree = "<group>"; };
		8C02F3561C3C9C8C00B7758E /* AppDelegate.h */ = {isa = PBXFileReference; lastKnownFileType = sourcecode.c.h; path = AppDelegate.h; sourceTree = "<group>"; };
		8C02F3571C3C9C8C00B7758E /* AppDelegate.m */ = {isa = PBXFileReference; lastKnownFileType = sourcecode.c.objc; path = AppDelegate.m; sourceTree = "<group>"; };
		8C02F3591C3C9C8C00B7758E /* ViewController.h */ = {isa = PBXFileReference; lastKnownFileType = sourcecode.c.h; path = ViewController.h; sourceTree = "<group>"; };
		8C02F35A1C3C9C8C00B7758E /* ViewController.m */ = {isa = PBXFileReference; lastKnownFileType = sourcecode.c.objc; path = ViewController.m; sourceTree = "<group>"; };
		8C02F35D1C3C9C8C00B7758E /* Base */ = {isa = PBXFileReference; lastKnownFileType = file.storyboard; name = Base; path = Base.lproj/Main.storyboard; sourceTree = "<group>"; };
		8C02F35F1C3C9C8C00B7758E /* Assets.xcassets */ = {isa = PBXFileReference; lastKnownFileType = folder.assetcatalog; path = Assets.xcassets; sourceTree = "<group>"; };
		8C02F3621C3C9C8C00B7758E /* Base */ = {isa = PBXFileReference; lastKnownFileType = file.storyboard; name = Base; path = Base.lproj/LaunchScreen.storyboard; sourceTree = "<group>"; };
		8C02F3641C3C9C8C00B7758E /* Info.plist */ = {isa = PBXFileReference; lastKnownFileType = text.plist.xml; path = Info.plist; sourceTree = "<group>"; };
		8C02F3691C3C9C8C00B7758E /* HTTPRequestTests.xctest */ = {isa = PBXFileReference; explicitFileType = wrapper.cfbundle; includeInIndex = 0; path = HTTPRequestTests.xctest; sourceTree = BUILT_PRODUCTS_DIR; };
		8C02F36D1C3C9C8C00B7758E /* HTTPRequestTests.m */ = {isa = PBXFileReference; lastKnownFileType = sourcecode.c.objc; path = HTTPRequestTests.m; sourceTree = "<group>"; };
		8C02F36F1C3C9C8C00B7758E /* Info.plist */ = {isa = PBXFileReference; lastKnownFileType = text.plist.xml; path = Info.plist; sourceTree = "<group>"; };
		8C02F3741C3C9C8C00B7758E /* HTTPRequestUITests.xctest */ = {isa = PBXFileReference; explicitFileType = wrapper.cfbundle; includeInIndex = 0; path = HTTPRequestUITests.xctest; sourceTree = BUILT_PRODUCTS_DIR; };
		8C02F3781C3C9C8C00B7758E /* HTTPRequestUITests.m */ = {isa = PBXFileReference; lastKnownFileType = sourcecode.c.objc; path = HTTPRequestUITests.m; sourceTree = "<group>"; };
		8C02F37A1C3C9C8C00B7758E /* Info.plist */ = {isa = PBXFileReference; lastKnownFileType = text.plist.xml; path = Info.plist; sourceTree = "<group>"; };
		8C02F3871C3C9D9200B7758E /* AFHTTPRequestOperation.h */ = {isa = PBXFileReference; fileEncoding = 4; lastKnownFileType = sourcecode.c.h; path = AFHTTPRequestOperation.h; sourceTree = "<group>"; };
		8C02F3881C3C9D9200B7758E /* AFHTTPRequestOperation.m */ = {isa = PBXFileReference; fileEncoding = 4; lastKnownFileType = sourcecode.c.objc; path = AFHTTPRequestOperation.m; sourceTree = "<group>"; };
		8C02F3891C3C9D9200B7758E /* AFHTTPRequestOperationManager.h */ = {isa = PBXFileReference; fileEncoding = 4; lastKnownFileType = sourcecode.c.h; path = AFHTTPRequestOperationManager.h; sourceTree = "<group>"; };
		8C02F38A1C3C9D9200B7758E /* AFHTTPRequestOperationManager.m */ = {isa = PBXFileReference; fileEncoding = 4; lastKnownFileType = sourcecode.c.objc; path = AFHTTPRequestOperationManager.m; sourceTree = "<group>"; };
		8C02F38B1C3C9D9200B7758E /* AFHTTPSessionManager.h */ = {isa = PBXFileReference; fileEncoding = 4; lastKnownFileType = sourcecode.c.h; path = AFHTTPSessionManager.h; sourceTree = "<group>"; };
		8C02F38C1C3C9D9200B7758E /* AFHTTPSessionManager.m */ = {isa = PBXFileReference; fileEncoding = 4; lastKnownFileType = sourcecode.c.objc; path = AFHTTPSessionManager.m; sourceTree = "<group>"; };
		8C02F38D1C3C9D9200B7758E /* AFNetworking.h */ = {isa = PBXFileReference; fileEncoding = 4; lastKnownFileType = sourcecode.c.h; path = AFNetworking.h; sourceTree = "<group>"; };
		8C02F38E1C3C9D9200B7758E /* AFNetworkReachabilityManager.h */ = {isa = PBXFileReference; fileEncoding = 4; lastKnownFileType = sourcecode.c.h; path = AFNetworkReachabilityManager.h; sourceTree = "<group>"; };
		8C02F38F1C3C9D9200B7758E /* AFNetworkReachabilityManager.m */ = {isa = PBXFileReference; fileEncoding = 4; lastKnownFileType = sourcecode.c.objc; path = AFNetworkReachabilityManager.m; sourceTree = "<group>"; };
		8C02F3901C3C9D9200B7758E /* AFSecurityPolicy.h */ = {isa = PBXFileReference; fileEncoding = 4; lastKnownFileType = sourcecode.c.h; path = AFSecurityPolicy.h; sourceTree = "<group>"; };
		8C02F3911C3C9D9200B7758E /* AFSecurityPolicy.m */ = {isa = PBXFileReference; fileEncoding = 4; lastKnownFileType = sourcecode.c.objc; path = AFSecurityPolicy.m; sourceTree = "<group>"; };
		8C02F3921C3C9D9200B7758E /* AFURLConnectionOperation.h */ = {isa = PBXFileReference; fileEncoding = 4; lastKnownFileType = sourcecode.c.h; path = AFURLConnectionOperation.h; sourceTree = "<group>"; };
		8C02F3931C3C9D9200B7758E /* AFURLConnectionOperation.m */ = {isa = PBXFileReference; fileEncoding = 4; lastKnownFileType = sourcecode.c.objc; path = AFURLConnectionOperation.m; sourceTree = "<group>"; };
		8C02F3941C3C9D9200B7758E /* AFURLRequestSerialization.h */ = {isa = PBXFileReference; fileEncoding = 4; lastKnownFileType = sourcecode.c.h; path = AFURLRequestSerialization.h; sourceTree = "<group>"; };
		8C02F3951C3C9D9200B7758E /* AFURLRequestSerialization.m */ = {isa = PBXFileReference; fileEncoding = 4; lastKnownFileType = sourcecode.c.objc; path = AFURLRequestSerialization.m; sourceTree = "<group>"; };
		8C02F3961C3C9D9200B7758E /* AFURLResponseSerialization.h */ = {isa = PBXFileReference; fileEncoding = 4; lastKnownFileType = sourcecode.c.h; path = AFURLResponseSerialization.h; sourceTree = "<group>"; };
		8C02F3971C3C9D9200B7758E /* AFURLResponseSerialization.m */ = {isa = PBXFileReference; fileEncoding = 4; lastKnownFileType = sourcecode.c.objc; path = AFURLResponseSerialization.m; sourceTree = "<group>"; };
		8C02F3981C3C9D9200B7758E /* AFURLSessionManager.h */ = {isa = PBXFileReference; fileEncoding = 4; lastKnownFileType = sourcecode.c.h; path = AFURLSessionManager.h; sourceTree = "<group>"; };
		8C02F3991C3C9D9200B7758E /* AFURLSessionManager.m */ = {isa = PBXFileReference; fileEncoding = 4; lastKnownFileType = sourcecode.c.objc; path = AFURLSessionManager.m; sourceTree = "<group>"; };
		8C02F3A31C3C9DBC00B7758E /* HttpUtil.h */ = {isa = PBXFileReference; fileEncoding = 4; lastKnownFileType = sourcecode.c.h; path = HttpUtil.h; sourceTree = "<group>"; };
		8C02F3A41C3C9DBC00B7758E /* HttpUtil.m */ = {isa = PBXFileReference; fileEncoding = 4; lastKnownFileType = sourcecode.c.objc; path = HttpUtil.m; sourceTree = "<group>"; };
		8C02F3A61C3CDA0400B7758E /* CustomModel.h */ = {isa = PBXFileReference; fileEncoding = 4; lastKnownFileType = sourcecode.c.h; path = CustomModel.h; sourceTree = "<group>"; };
		8C02F3A71C3CDA0400B7758E /* CustomModel.m */ = {isa = PBXFileReference; fileEncoding = 4; lastKnownFileType = sourcecode.c.objc; path = CustomModel.m; sourceTree = "<group>"; };
		8C02F3A91C3CEB9800B7758E /* libc++.tbd */ = {isa = PBXFileReference; lastKnownFileType = "sourcecode.text-based-dylib-definition"; name = "libc++.tbd"; path = "usr/lib/libc++.tbd"; sourceTree = SDKROOT; };
		8C02F3AB1C3CEBAF00B7758E /* libz.tbd */ = {isa = PBXFileReference; lastKnownFileType = "sourcecode.text-based-dylib-definition"; name = libz.tbd; path = usr/lib/libz.tbd; sourceTree = SDKROOT; };
		8C02F3AD1C3CEBBF00B7758E /* libstdc++.tbd */ = {isa = PBXFileReference; lastKnownFileType = "sourcecode.text-based-dylib-definition"; name = "libstdc++.tbd"; path = "usr/lib/libstdc++.tbd"; sourceTree = SDKROOT; };
		8C02F3AF1C3CEBCB00B7758E /* libstdc++.6.0.9.tbd */ = {isa = PBXFileReference; lastKnownFileType = "sourcecode.text-based-dylib-definition"; name = "libstdc++.6.0.9.tbd"; path = "usr/lib/libstdc++.6.0.9.tbd"; sourceTree = SDKROOT; };
		8C02F3B11C3CEBDE00B7758E /* Security.framework */ = {isa = PBXFileReference; lastKnownFileType = wrapper.framework; name = Security.framework; path = System/Library/Frameworks/Security.framework; sourceTree = SDKROOT; };
		8C02F3B31C3CEBE700B7758E /* SystemConfiguration.framework */ = {isa = PBXFileReference; lastKnownFileType = wrapper.framework; name = SystemConfiguration.framework; path = System/Library/Frameworks/SystemConfiguration.framework; sourceTree = SDKROOT; };
		8C02F3B51C3CEBF000B7758E /* CoreTelephony.framework */ = {isa = PBXFileReference; lastKnownFileType = wrapper.framework; name = CoreTelephony.framework; path = System/Library/Frameworks/CoreTelephony.framework; sourceTree = SDKROOT; };
		8C02F3B71C3CEC0500B7758E /* CoreLocation.framework */ = {isa = PBXFileReference; lastKnownFileType = wrapper.framework; name = CoreLocation.framework; path = System/Library/Frameworks/CoreLocation.framework; sourceTree = SDKROOT; };
		8C02F3B91C3CEC0E00B7758E /* OpenGLES.framework */ = {isa = PBXFileReference; lastKnownFileType = wrapper.framework; name = OpenGLES.framework; path = System/Library/Frameworks/OpenGLES.framework; sourceTree = SDKROOT; };
		8C02F3BB1C3CEC1500B7758E /* QuartzCore.framework */ = {isa = PBXFileReference; lastKnownFileType = wrapper.framework; name = QuartzCore.framework; path = System/Library/Frameworks/QuartzCore.framework; sourceTree = SDKROOT; };
		8C02F3BD1C3CEC8400B7758E /* MapViewController.h */ = {isa = PBXFileReference; fileEncoding = 4; lastKnownFileType = sourcecode.c.h; path = MapViewController.h; sourceTree = "<group>"; };
		8C02F3BE1C3CEC8400B7758E /* MapViewController.m */ = {isa = PBXFileReference; fileEncoding = 4; lastKnownFileType = sourcecode.c.objc; path = MapViewController.m; sourceTree = "<group>"; };
		8C8094AE1C3D12CE0035B2BE /* SelectCompanyTableViewController.h */ = {isa = PBXFileReference; fileEncoding = 4; lastKnownFileType = sourcecode.c.h; path = SelectCompanyTableViewController.h; sourceTree = "<group>"; };
		8C8094AF1C3D12CE0035B2BE /* SelectCompanyTableViewController.m */ = {isa = PBXFileReference; fileEncoding = 4; lastKnownFileType = sourcecode.c.objc; path = SelectCompanyTableViewController.m; sourceTree = "<group>"; };
/* End PBXFileReference section */

/* Begin PBXFrameworksBuildPhase section */
		8C02F34D1C3C9C8C00B7758E /* Frameworks */ = {
			isa = PBXFrameworksBuildPhase;
			buildActionMask = 2147483647;
			files = (
				8C02F3BC1C3CEC1600B7758E /* QuartzCore.framework in Frameworks */,
				8C02F3BA1C3CEC0E00B7758E /* OpenGLES.framework in Frameworks */,
				8C02F3B81C3CEC0500B7758E /* CoreLocation.framework in Frameworks */,
				8C02F3B61C3CEBF000B7758E /* CoreTelephony.framework in Frameworks */,
				8C02F3B41C3CEBE700B7758E /* SystemConfiguration.framework in Frameworks */,
				8C02F3B21C3CEBDE00B7758E /* Security.framework in Frameworks */,
				8C02F3B01C3CEBCB00B7758E /* libstdc++.6.0.9.tbd in Frameworks */,
				8C02F3AC1C3CEBAF00B7758E /* libz.tbd in Frameworks */,
				8C02F3AA1C3CEB9800B7758E /* libc++.tbd in Frameworks */,
				AE6B8705D3857E5C3D5F3650 /* libPods.a in Frameworks */,
			);
			runOnlyForDeploymentPostprocessing = 0;
		};
		8C02F3661C3C9C8C00B7758E /* Frameworks */ = {
			isa = PBXFrameworksBuildPhase;
			buildActionMask = 2147483647;
			files = (
			);
			runOnlyForDeploymentPostprocessing = 0;
		};
		8C02F3711C3C9C8C00B7758E /* Frameworks */ = {
			isa = PBXFrameworksBuildPhase;
			buildActionMask = 2147483647;
			files = (
			);
			runOnlyForDeploymentPostprocessing = 0;
		};
/* End PBXFrameworksBuildPhase section */

/* Begin PBXGroup section */
		1D7E7B43EB3E15892D47ADD8 /* Frameworks */ = {
			isa = PBXGroup;
			children = (
				8C02F3BB1C3CEC1500B7758E /* QuartzCore.framework */,
				8C02F3B91C3CEC0E00B7758E /* OpenGLES.framework */,
				8C02F3B71C3CEC0500B7758E /* CoreLocation.framework */,
				8C02F3B51C3CEBF000B7758E /* CoreTelephony.framework */,
				8C02F3B31C3CEBE700B7758E /* SystemConfiguration.framework */,
				8C02F3B11C3CEBDE00B7758E /* Security.framework */,
				8C02F3AF1C3CEBCB00B7758E /* libstdc++.6.0.9.tbd */,
				8C02F3AD1C3CEBBF00B7758E /* libstdc++.tbd */,
				8C02F3AB1C3CEBAF00B7758E /* libz.tbd */,
				8C02F3A91C3CEB9800B7758E /* libc++.tbd */,
				03F27676563B19BCD3DDAD58 /* libPods.a */,
			);
			name = Frameworks;
			sourceTree = "<group>";
		};
		83278E8C0E94BDEF2D1BDC93 /* Pods */ = {
			isa = PBXGroup;
			children = (
				29CB72F1456D3633FE4CF39F /* Pods.debug.xcconfig */,
				4AC5BD5A977CA4BF493111C1 /* Pods.release.xcconfig */,
			);
			name = Pods;
			sourceTree = "<group>";
		};
		8C02F3471C3C9C8C00B7758E = {
			isa = PBXGroup;
			children = (
				8C02F3521C3C9C8C00B7758E /* HTTPRequest */,
				8C02F36C1C3C9C8C00B7758E /* HTTPRequestTests */,
				8C02F3771C3C9C8C00B7758E /* HTTPRequestUITests */,
				8C02F3511C3C9C8C00B7758E /* Products */,
				83278E8C0E94BDEF2D1BDC93 /* Pods */,
				1D7E7B43EB3E15892D47ADD8 /* Frameworks */,
			);
			sourceTree = "<group>";
		};
		8C02F3511C3C9C8C00B7758E /* Products */ = {
			isa = PBXGroup;
			children = (
				8C02F3501C3C9C8C00B7758E /* HTTPRequest.app */,
				8C02F3691C3C9C8C00B7758E /* HTTPRequestTests.xctest */,
				8C02F3741C3C9C8C00B7758E /* HTTPRequestUITests.xctest */,
			);
			name = Products;
			sourceTree = "<group>";
		};
		8C02F3521C3C9C8C00B7758E /* HTTPRequest */ = {
			isa = PBXGroup;
			children = (
				8C02F3561C3C9C8C00B7758E /* AppDelegate.h */,
				8C02F3571C3C9C8C00B7758E /* AppDelegate.m */,
				8C02F3A31C3C9DBC00B7758E /* HttpUtil.h */,
				8C02F3A41C3C9DBC00B7758E /* HttpUtil.m */,
				8C02F3A61C3CDA0400B7758E /* CustomModel.h */,
				8C02F3A71C3CDA0400B7758E /* CustomModel.m */,
				8C02F3BD1C3CEC8400B7758E /* MapViewController.h */,
				8C02F3BE1C3CEC8400B7758E /* MapViewController.m */,
				8C8094AE1C3D12CE0035B2BE /* SelectCompanyTableViewController.h */,
				8C8094AF1C3D12CE0035B2BE /* SelectCompanyTableViewController.m */,
				8C02F3591C3C9C8C00B7758E /* ViewController.h */,
				8C02F35A1C3C9C8C00B7758E /* ViewController.m */,
				8C02F35C1C3C9C8C00B7758E /* Main.storyboard */,
				8C02F35F1C3C9C8C00B7758E /* Assets.xcassets */,
				8C02F3611C3C9C8C00B7758E /* LaunchScreen.storyboard */,
				8C02F3641C3C9C8C00B7758E /* Info.plist */,
				8C02F3531C3C9C8C00B7758E /* Supporting Files */,
			);
			path = HTTPRequest;
			sourceTree = "<group>";
		};
		8C02F3531C3C9C8C00B7758E /* Supporting Files */ = {
			isa = PBXGroup;
			children = (
				8C02F3861C3C9D9200B7758E /* AFNetworking */,
				8C02F3541C3C9C8C00B7758E /* main.m */,
			);
			name = "Supporting Files";
			sourceTree = "<group>";
		};
		8C02F36C1C3C9C8C00B7758E /* HTTPRequestTests */ = {
			isa = PBXGroup;
			children = (
				8C02F36D1C3C9C8C00B7758E /* HTTPRequestTests.m */,
				8C02F36F1C3C9C8C00B7758E /* Info.plist */,
			);
			path = HTTPRequestTests;
			sourceTree = "<group>";
		};
		8C02F3771C3C9C8C00B7758E /* HTTPRequestUITests */ = {
			isa = PBXGroup;
			children = (
				8C02F3781C3C9C8C00B7758E /* HTTPRequestUITests.m */,
				8C02F37A1C3C9C8C00B7758E /* Info.plist */,
			);
			path = HTTPRequestUITests;
			sourceTree = "<group>";
		};
		8C02F3861C3C9D9200B7758E /* AFNetworking */ = {
			isa = PBXGroup;
			children = (
				8C02F3871C3C9D9200B7758E /* AFHTTPRequestOperation.h */,
				8C02F3881C3C9D9200B7758E /* AFHTTPRequestOperation.m */,
				8C02F3891C3C9D9200B7758E /* AFHTTPRequestOperationManager.h */,
				8C02F38A1C3C9D9200B7758E /* AFHTTPRequestOperationManager.m */,
				8C02F38B1C3C9D9200B7758E /* AFHTTPSessionManager.h */,
				8C02F38C1C3C9D9200B7758E /* AFHTTPSessionManager.m */,
				8C02F38D1C3C9D9200B7758E /* AFNetworking.h */,
				8C02F38E1C3C9D9200B7758E /* AFNetworkReachabilityManager.h */,
				8C02F38F1C3C9D9200B7758E /* AFNetworkReachabilityManager.m */,
				8C02F3901C3C9D9200B7758E /* AFSecurityPolicy.h */,
				8C02F3911C3C9D9200B7758E /* AFSecurityPolicy.m */,
				8C02F3921C3C9D9200B7758E /* AFURLConnectionOperation.h */,
				8C02F3931C3C9D9200B7758E /* AFURLConnectionOperation.m */,
				8C02F3941C3C9D9200B7758E /* AFURLRequestSerialization.h */,
				8C02F3951C3C9D9200B7758E /* AFURLRequestSerialization.m */,
				8C02F3961C3C9D9200B7758E /* AFURLResponseSerialization.h */,
				8C02F3971C3C9D9200B7758E /* AFURLResponseSerialization.m */,
				8C02F3981C3C9D9200B7758E /* AFURLSessionManager.h */,
				8C02F3991C3C9D9200B7758E /* AFURLSessionManager.m */,
			);
			path = AFNetworking;
			sourceTree = "<group>";
		};
/* End PBXGroup section */

/* Begin PBXNativeTarget section */
		8C02F34F1C3C9C8C00B7758E /* HTTPRequest */ = {
			isa = PBXNativeTarget;
			buildConfigurationList = 8C02F37D1C3C9C8C00B7758E /* Build configuration list for PBXNativeTarget "HTTPRequest" */;
			buildPhases = (
				2BDD7095306FB67B248C045C /* Check Pods Manifest.lock */,
				8C02F34C1C3C9C8C00B7758E /* Sources */,
				8C02F34D1C3C9C8C00B7758E /* Frameworks */,
				8C02F34E1C3C9C8C00B7758E /* Resources */,
				B2B5F79E76FB41A1D812B2FB /* Embed Pods Frameworks */,
				3AB009FFFAEBE28C235CA468 /* Copy Pods Resources */,
			);
			buildRules = (
			);
			dependencies = (
			);
			name = HTTPRequest;
			productName = HTTPRequest;
			productReference = 8C02F3501C3C9C8C00B7758E /* HTTPRequest.app */;
			productType = "com.apple.product-type.application";
		};
		8C02F3681C3C9C8C00B7758E /* HTTPRequestTests */ = {
			isa = PBXNativeTarget;
			buildConfigurationList = 8C02F3801C3C9C8C00B7758E /* Build configuration list for PBXNativeTarget "HTTPRequestTests" */;
			buildPhases = (
				8C02F3651C3C9C8C00B7758E /* Sources */,
				8C02F3661C3C9C8C00B7758E /* Frameworks */,
				8C02F3671C3C9C8C00B7758E /* Resources */,
			);
			buildRules = (
			);
			dependencies = (
				8C02F36B1C3C9C8C00B7758E /* PBXTargetDependency */,
			);
			name = HTTPRequestTests;
			productName = HTTPRequestTests;
			productReference = 8C02F3691C3C9C8C00B7758E /* HTTPRequestTests.xctest */;
			productType = "com.apple.product-type.bundle.unit-test";
		};
		8C02F3731C3C9C8C00B7758E /* HTTPRequestUITests */ = {
			isa = PBXNativeTarget;
			buildConfigurationList = 8C02F3831C3C9C8C00B7758E /* Build configuration list for PBXNativeTarget "HTTPRequestUITests" */;
			buildPhases = (
				8C02F3701C3C9C8C00B7758E /* Sources */,
				8C02F3711C3C9C8C00B7758E /* Frameworks */,
				8C02F3721C3C9C8C00B7758E /* Resources */,
			);
			buildRules = (
			);
			dependencies = (
				8C02F3761C3C9C8C00B7758E /* PBXTargetDependency */,
			);
			name = HTTPRequestUITests;
			productName = HTTPRequestUITests;
			productReference = 8C02F3741C3C9C8C00B7758E /* HTTPRequestUITests.xctest */;
			productType = "com.apple.product-type.bundle.ui-testing";
		};
/* End PBXNativeTarget section */

/* Begin PBXProject section */
		8C02F3481C3C9C8C00B7758E /* Project object */ = {
			isa = PBXProject;
			attributes = {
				LastUpgradeCheck = 0720;
				ORGANIZATIONNAME = iMooc;
				TargetAttributes = {
					8C02F34F1C3C9C8C00B7758E = {
						CreatedOnToolsVersion = 7.2;
						SystemCapabilities = {
							com.apple.BackgroundModes = {
								enabled = 0;
							};
						};
					};
					8C02F3681C3C9C8C00B7758E = {
						CreatedOnToolsVersion = 7.2;
						TestTargetID = 8C02F34F1C3C9C8C00B7758E;
					};
					8C02F3731C3C9C8C00B7758E = {
						CreatedOnToolsVersion = 7.2;
						TestTargetID = 8C02F34F1C3C9C8C00B7758E;
					};
				};
			};
			buildConfigurationList = 8C02F34B1C3C9C8C00B7758E /* Build configuration list for PBXProject "HTTPRequest" */;
			compatibilityVersion = "Xcode 3.2";
			developmentRegion = English;
			hasScannedForEncodings = 0;
			knownRegions = (
				en,
				Base,
			);
			mainGroup = 8C02F3471C3C9C8C00B7758E;
			productRefGroup = 8C02F3511C3C9C8C00B7758E /* Products */;
			projectDirPath = "";
			projectRoot = "";
			targets = (
				8C02F34F1C3C9C8C00B7758E /* HTTPRequest */,
				8C02F3681C3C9C8C00B7758E /* HTTPRequestTests */,
				8C02F3731C3C9C8C00B7758E /* HTTPRequestUITests */,
			);
		};
/* End PBXProject section */

/* Begin PBXResourcesBuildPhase section */
		8C02F34E1C3C9C8C00B7758E /* Resources */ = {
			isa = PBXResourcesBuildPhase;
			buildActionMask = 2147483647;
			files = (
				8C02F3631C3C9C8C00B7758E /* LaunchScreen.storyboard in Resources */,
				8C02F3601C3C9C8C00B7758E /* Assets.xcassets in Resources */,
				8C02F35E1C3C9C8C00B7758E /* Main.storyboard in Resources */,
			);
			runOnlyForDeploymentPostprocessing = 0;
		};
		8C02F3671C3C9C8C00B7758E /* Resources */ = {
			isa = PBXResourcesBuildPhase;
			buildActionMask = 2147483647;
			files = (
			);
			runOnlyForDeploymentPostprocessing = 0;
		};
		8C02F3721C3C9C8C00B7758E /* Resources */ = {
			isa = PBXResourcesBuildPhase;
			buildActionMask = 2147483647;
			files = (
			);
			runOnlyForDeploymentPostprocessing = 0;
		};
/* End PBXResourcesBuildPhase section */

/* Begin PBXShellScriptBuildPhase section */
		2BDD7095306FB67B248C045C /* Check Pods Manifest.lock */ = {
			isa = PBXShellScriptBuildPhase;
			buildActionMask = 2147483647;
			files = (
			);
			inputPaths = (
			);
			name = "Check Pods Manifest.lock";
			outputPaths = (
			);
			runOnlyForDeploymentPostprocessing = 0;
			shellPath = /bin/sh;
			shellScript = "diff \"${PODS_ROOT}/../Podfile.lock\" \"${PODS_ROOT}/Manifest.lock\" > /dev/null\nif [[ $? != 0 ]] ; then\n    cat << EOM\nerror: The sandbox is not in sync with the Podfile.lock. Run 'pod install' or update your CocoaPods installation.\nEOM\n    exit 1\nfi\n";
			showEnvVarsInLog = 0;
		};
		3AB009FFFAEBE28C235CA468 /* Copy Pods Resources */ = {
			isa = PBXShellScriptBuildPhase;
			buildActionMask = 2147483647;
			files = (
			);
			inputPaths = (
			);
			name = "Copy Pods Resources";
			outputPaths = (
			);
			runOnlyForDeploymentPostprocessing = 0;
			shellPath = /bin/sh;
			shellScript = "\"${SRCROOT}/Pods/Target Support Files/Pods/Pods-resources.sh\"\n";
			showEnvVarsInLog = 0;
		};
		B2B5F79E76FB41A1D812B2FB /* Embed Pods Frameworks */ = {
			isa = PBXShellScriptBuildPhase;
			buildActionMask = 2147483647;
			files = (
			);
			inputPaths = (
			);
			name = "Embed Pods Frameworks";
			outputPaths = (
			);
			runOnlyForDeploymentPostprocessing = 0;
			shellPath = /bin/sh;
			shellScript = "\"${SRCROOT}/Pods/Target Support Files/Pods/Pods-frameworks.sh\"\n";
			showEnvVarsInLog = 0;
		};
/* End PBXShellScriptBuildPhase section */

/* Begin PBXSourcesBuildPhase section */
		8C02F34C1C3C9C8C00B7758E /* Sources */ = {
			isa = PBXSourcesBuildPhase;
			buildActionMask = 2147483647;
			files = (
				8C02F39A1C3C9D9200B7758E /* AFHTTPRequestOperation.m in Sources */,
				8C02F35B1C3C9C8C00B7758E /* ViewController.m in Sources */,
				8C02F39B1C3C9D9200B7758E /* AFHTTPRequestOperationManager.m in Sources */,
				8C02F39D1C3C9D9200B7758E /* AFNetworkReachabilityManager.m in Sources */,
				8C02F3A11C3C9D9200B7758E /* AFURLResponseSerialization.m in Sources */,
				8C02F39F1C3C9D9200B7758E /* AFURLConnectionOperation.m in Sources */,
				8C02F39E1C3C9D9200B7758E /* AFSecurityPolicy.m in Sources */,
				8C8094B01C3D12CE0035B2BE /* SelectCompanyTableViewController.m in Sources */,
				8C02F3A51C3C9DBC00B7758E /* HttpUtil.m in Sources */,
				8C02F39C1C3C9D9200B7758E /* AFHTTPSessionManager.m in Sources */,
				8C02F3A01C3C9D9200B7758E /* AFURLRequestSerialization.m in Sources */,
				8C02F3A21C3C9D9200B7758E /* AFURLSessionManager.m in Sources */,
				8C02F3581C3C9C8C00B7758E /* AppDelegate.m in Sources */,
				8C02F3BF1C3CEC8400B7758E /* MapViewController.m in Sources */,
				8C02F3A81C3CDA0400B7758E /* CustomModel.m in Sources */,
				8C02F3551C3C9C8C00B7758E /* main.m in Sources */,
			);
			runOnlyForDeploymentPostprocessing = 0;
		};
		8C02F3651C3C9C8C00B7758E /* Sources */ = {
			isa = PBXSourcesBuildPhase;
			buildActionMask = 2147483647;
			files = (
				8C02F36E1C3C9C8C00B7758E /* HTTPRequestTests.m in Sources */,
			);
			runOnlyForDeploymentPostprocessing = 0;
		};
		8C02F3701C3C9C8C00B7758E /* Sources */ = {
			isa = PBXSourcesBuildPhase;
			buildActionMask = 2147483647;
			files = (
				8C02F3791C3C9C8C00B7758E /* HTTPRequestUITests.m in Sources */,
			);
			runOnlyForDeploymentPostprocessing = 0;
		};
/* End PBXSourcesBuildPhase section */

/* Begin PBXTargetDependency section */
		8C02F36B1C3C9C8C00B7758E /* PBXTargetDependency */ = {
			isa = PBXTargetDependency;
			target = 8C02F34F1C3C9C8C00B7758E /* HTTPRequest */;
			targetProxy = 8C02F36A1C3C9C8C00B7758E /* PBXContainerItemProxy */;
		};
		8C02F3761C3C9C8C00B7758E /* PBXTargetDependency */ = {
			isa = PBXTargetDependency;
			target = 8C02F34F1C3C9C8C00B7758E /* HTTPRequest */;
			targetProxy = 8C02F3751C3C9C8C00B7758E /* PBXContainerItemProxy */;
		};
/* End PBXTargetDependency section */

/* Begin PBXVariantGroup section */
		8C02F35C1C3C9C8C00B7758E /* Main.storyboard */ = {
			isa = PBXVariantGroup;
			children = (
				8C02F35D1C3C9C8C00B7758E /* Base */,
			);
			name = Main.storyboard;
			sourceTree = "<group>";
		};
		8C02F3611C3C9C8C00B7758E /* LaunchScreen.storyboard */ = {
			isa = PBXVariantGroup;
			children = (
				8C02F3621C3C9C8C00B7758E /* Base */,
			);
			name = LaunchScreen.storyboard;
			sourceTree = "<group>";
		};
/* End PBXVariantGroup section */

/* Begin XCBuildConfiguration section */
		8C02F37B1C3C9C8C00B7758E /* Debug */ = {
			isa = XCBuildConfiguration;
			buildSettings = {
				ALWAYS_SEARCH_USER_PATHS = NO;
				CLANG_CXX_LANGUAGE_STANDARD = "gnu++0x";
				CLANG_CXX_LIBRARY = "libc++";
				CLANG_ENABLE_MODULES = YES;
				CLANG_ENABLE_OBJC_ARC = YES;
				CLANG_WARN_BOOL_CONVERSION = YES;
				CLANG_WARN_CONSTANT_CONVERSION = YES;
				CLANG_WARN_DIRECT_OBJC_ISA_USAGE = YES_ERROR;
				CLANG_WARN_EMPTY_BODY = YES;
				CLANG_WARN_ENUM_CONVERSION = YES;
				CLANG_WARN_INT_CONVERSION = YES;
				CLANG_WARN_OBJC_ROOT_CLASS = YES_ERROR;
				CLANG_WARN_UNREACHABLE_CODE = YES;
				CLANG_WARN__DUPLICATE_METHOD_MATCH = YES;
				"CODE_SIGN_IDENTITY[sdk=iphoneos*]" = "iPhone Developer";
				COPY_PHASE_STRIP = NO;
				DEBUG_INFORMATION_FORMAT = dwarf;
				ENABLE_STRICT_OBJC_MSGSEND = YES;
				ENABLE_TESTABILITY = YES;
				GCC_C_LANGUAGE_STANDARD = gnu99;
				GCC_DYNAMIC_NO_PIC = NO;
				GCC_NO_COMMON_BLOCKS = YES;
				GCC_OPTIMIZATION_LEVEL = 0;
				GCC_PREPROCESSOR_DEFINITIONS = (
					"DEBUG=1",
					"$(inherited)",
				);
				GCC_WARN_64_TO_32_BIT_CONVERSION = YES;
				GCC_WARN_ABOUT_RETURN_TYPE = YES_ERROR;
				GCC_WARN_UNDECLARED_SELECTOR = YES;
				GCC_WARN_UNINITIALIZED_AUTOS = YES_AGGRESSIVE;
				GCC_WARN_UNUSED_FUNCTION = YES;
				GCC_WARN_UNUSED_VARIABLE = YES;
				IPHONEOS_DEPLOYMENT_TARGET = 9.2;
				MTL_ENABLE_DEBUG_INFO = YES;
				ONLY_ACTIVE_ARCH = YES;
				SDKROOT = iphoneos;
			};
			name = Debug;
		};
		8C02F37C1C3C9C8C00B7758E /* Release */ = {
			isa = XCBuildConfiguration;
			buildSettings = {
				ALWAYS_SEARCH_USER_PATHS = NO;
				CLANG_CXX_LANGUAGE_STANDARD = "gnu++0x";
				CLANG_CXX_LIBRARY = "libc++";
				CLANG_ENABLE_MODULES = YES;
				CLANG_ENABLE_OBJC_ARC = YES;
				CLANG_WARN_BOOL_CONVERSION = YES;
				CLANG_WARN_CONSTANT_CONVERSION = YES;
				CLANG_WARN_DIRECT_OBJC_ISA_USAGE = YES_ERROR;
				CLANG_WARN_EMPTY_BODY = YES;
				CLANG_WARN_ENUM_CONVERSION = YES;
				CLANG_WARN_INT_CONVERSION = YES;
				CLANG_WARN_OBJC_ROOT_CLASS = YES_ERROR;
				CLANG_WARN_UNREACHABLE_CODE = YES;
				CLANG_WARN__DUPLICATE_METHOD_MATCH = YES;
				"CODE_SIGN_IDENTITY[sdk=iphoneos*]" = "iPhone Developer";
				COPY_PHASE_STRIP = NO;
				DEBUG_INFORMATION_FORMAT = "dwarf-with-dsym";
				ENABLE_NS_ASSERTIONS = NO;
				ENABLE_STRICT_OBJC_MSGSEND = YES;
				GCC_C_LANGUAGE_STANDARD = gnu99;
				GCC_NO_COMMON_BLOCKS = YES;
				GCC_WARN_64_TO_32_BIT_CONVERSION = YES;
				GCC_WARN_ABOUT_RETURN_TYPE = YES_ERROR;
				GCC_WARN_UNDECLARED_SELECTOR = YES;
				GCC_WARN_UNINITIALIZED_AUTOS = YES_AGGRESSIVE;
				GCC_WARN_UNUSED_FUNCTION = YES;
				GCC_WARN_UNUSED_VARIABLE = YES;
				IPHONEOS_DEPLOYMENT_TARGET = 9.2;
				MTL_ENABLE_DEBUG_INFO = NO;
				SDKROOT = iphoneos;
				VALIDATE_PRODUCT = YES;
			};
			name = Release;
		};
		8C02F37E1C3C9C8C00B7758E /* Debug */ = {
			isa = XCBuildConfiguration;
			baseConfigurationReference = 29CB72F1456D3633FE4CF39F /* Pods.debug.xcconfig */;
			buildSettings = {
				ASSETCATALOG_COMPILER_APPICON_NAME = AppIcon;
				INFOPLIST_FILE = HTTPRequest/Info.plist;
				LD_RUNPATH_SEARCH_PATHS = "$(inherited) @executable_path/Frameworks";
				PRODUCT_BUNDLE_IDENTIFIER = com.iMooc.HTTPRequest;
				PRODUCT_NAME = "$(TARGET_NAME)";
			};
			name = Debug;
		};
		8C02F37F1C3C9C8C00B7758E /* Release */ = {
			isa = XCBuildConfiguration;
			baseConfigurationReference = 4AC5BD5A977CA4BF493111C1 /* Pods.release.xcconfig */;
			buildSettings = {
				ASSETCATALOG_COMPILER_APPICON_NAME = AppIcon;
				INFOPLIST_FILE = HTTPRequest/Info.plist;
				LD_RUNPATH_SEARCH_PATHS = "$(inherited) @executable_path/Frameworks";
				PRODUCT_BUNDLE_IDENTIFIER = com.iMooc.HTTPRequest;
				PRODUCT_NAME = "$(TARGET_NAME)";
			};
			name = Release;
		};
		8C02F3811C3C9C8C00B7758E /* Debug */ = {
			isa = XCBuildConfiguration;
			buildSettings = {
				BUNDLE_LOADER = "$(TEST_HOST)";
				INFOPLIST_FILE = HTTPRequestTests/Info.plist;
				LD_RUNPATH_SEARCH_PATHS = "$(inherited) @executable_path/Frameworks @loader_path/Frameworks";
				PRODUCT_BUNDLE_IDENTIFIER = com.iMooc.HTTPRequestTests;
				PRODUCT_NAME = "$(TARGET_NAME)";
				TEST_HOST = "$(BUILT_PRODUCTS_DIR)/HTTPRequest.app/HTTPRequest";
			};
			name = Debug;
		};
		8C02F3821C3C9C8C00B7758E /* Release */ = {
			isa = XCBuildConfiguration;
			buildSettings = {
				BUNDLE_LOADER = "$(TEST_HOST)";
				INFOPLIST_FILE = HTTPRequestTests/Info.plist;
				LD_RUNPATH_SEARCH_PATHS = "$(inherited) @executable_path/Frameworks @loader_path/Frameworks";
				PRODUCT_BUNDLE_IDENTIFIER = com.iMooc.HTTPRequestTests;
				PRODUCT_NAME = "$(TARGET_NAME)";
				TEST_HOST = "$(BUILT_PRODUCTS_DIR)/HTTPRequest.app/HTTPRequest";
			};
			name = Release;
		};
		8C02F3841C3C9C8C00B7758E /* Debug */ = {
			isa = XCBuildConfiguration;
			buildSettings = {
				INFOPLIST_FILE = HTTPRequestUITests/Info.plist;
				LD_RUNPATH_SEARCH_PATHS = "$(inherited) @executable_path/Frameworks @loader_path/Frameworks";
				PRODUCT_BUNDLE_IDENTIFIER = com.iMooc.HTTPRequestUITests;
				PRODUCT_NAME = "$(TARGET_NAME)";
				TEST_TARGET_NAME = HTTPRequest;
				USES_XCTRUNNER = YES;
			};
			name = Debug;
		};
		8C02F3851C3C9C8C00B7758E /* Release */ = {
			isa = XCBuildConfiguration;
			buildSettings = {
				INFOPLIST_FILE = HTTPRequestUITests/Info.plist;
				LD_RUNPATH_SEARCH_PATHS = "$(inherited) @executable_path/Frameworks @loader_path/Frameworks";
				PRODUCT_BUNDLE_IDENTIFIER = com.iMooc.HTTPRequestUITests;
				PRODUCT_NAME = "$(TARGET_NAME)";
				TEST_TARGET_NAME = HTTPRequest;
				USES_XCTRUNNER = YES;
			};
			name = Release;
		};
/* End XCBuildConfiguration section */

/* Begin XCConfigurationList section */
		8C02F34B1C3C9C8C00B7758E /* Build configuration list for PBXProject "HTTPRequest" */ = {
			isa = XCConfigurationList;
			buildConfigurations = (
				8C02F37B1C3C9C8C00B7758E /* Debug */,
				8C02F37C1C3C9C8C00B7758E /* Release */,
			);
			defaultConfigurationIsVisible = 0;
			defaultConfigurationName = Release;
		};
		8C02F37D1C3C9C8C00B7758E /* Build configuration list for PBXNativeTarget "HTTPRequest" */ = {
			isa = XCConfigurationList;
			buildConfigurations = (
				8C02F37E1C3C9C8C00B7758E /* Debug */,
				8C02F37F1C3C9C8C00B7758E /* Release */,
			);
			defaultConfigurationIsVisible = 0;
			defaultConfigurationName = Release;
		};
		8C02F3801C3C9C8C00B7758E /* Build configuration list for PBXNativeTarget "HTTPRequestTests" */ = {
			isa = XCConfigurationList;
			buildConfigurations = (
				8C02F3811C3C9C8C00B7758E /* Debug */,
				8C02F3821C3C9C8C00B7758E /* Release */,
			);
			defaultConfigurationIsVisible = 0;
			defaultConfigurationName = Release;
		};
		8C02F3831C3C9C8C00B7758E /* Build configuration list for PBXNativeTarget "HTTPRequestUITests" */ = {
			isa = XCConfigurationList;
			buildConfigurations = (
				8C02F3841C3C9C8C00B7758E /* Debug */,
				8C02F3851C3C9C8C00B7758E /* Release */,
			);
			defaultConfigurationIsVisible = 0;
			defaultConfigurationName = Release;
		};
/* End XCConfigurationList section */
	};
	rootObject = 8C02F3481C3C9C8C00B7758E /* Project object */;
}
